
Microsoft Visual Studio Solution File, Format Version 12.00
# Visual Studio Version 17
VisualStudioVersion = 17.7.34031.279
MinimumVisualStudioVersion = 10.0.40219.1
Project("{FAE04EC0-301F-11D3-BF4B-00C04F79EFBC}") = "Choice.Android", "Choice.Android\Choice.Android.csproj", "{402CE881-3340-4395-BF62-A2FB156D1C21}"
EndProject
Project("{FAE04EC0-301F-11D3-BF4B-00C04F79EFBC}") = "Choice.iOS", "Choice.iOS\Choice.iOS.csproj", "{48E67BC6-4D8B-417B-8376-6F4F0EB79780}"
EndProject
Project("{FAE04EC0-301F-11D3-BF4B-00C04F79EFBC}") = "Choice", "Choice\Choice.csproj", "{5B64BD8D-0FF0-4F7C-94FA-C6E21D3F52FF}"
EndProject
Global
	GlobalSection(SolutionConfigurationPlatforms) = preSolution
		Debug|Any CPU = Debug|Any CPU
		Debug|iPhone = Debug|iPhone
		Debug|iPhoneSimulator = Debug|iPhoneSimulator
		Release|Any CPU = Release|Any CPU
		Release|iPhone = Release|iPhone
		Release|iPhoneSimulator = Release|iPhoneSimulator
	EndGlobalSection
	GlobalSection(ProjectConfigurationPlatforms) = postSolution
		{402CE881-3340-4395-BF62-A2FB156D1C21}.Debug|Any CPU.ActiveCfg = Debug|Any CPU
		{402CE881-3340-4395-BF62-A2FB156D1C21}.Debug|Any CPU.Build.0 = Debug|Any CPU
		{402CE881-3340-4395-BF62-A2FB156D1C21}.Debug|Any CPU.Deploy.0 = Debug|Any CPU
		{402CE881-3340-4395-BF62-A2FB156D1C21}.Debug|iPhone.ActiveCfg = Debug|Any CPU
		{402CE881-3340-4395-BF62-A2FB156D1C21}.Debug|iPhone.Build.0 = Debug|Any CPU
		{402CE881-3340-4395-BF62-A2FB156D1C21}.Debug|iPhone.Deploy.0 = Debug|Any CPU
		{402CE881-3340-4395-BF62-A2FB156D1C21}.Debug|iPhoneSimulator.ActiveCfg = Debug|Any CPU
		{402CE881-3340-4395-BF62-A2FB156D1C21}.Debug|iPhoneSimulator.Build.0 = Debug|Any CPU
		{402CE881-3340-4395-BF62-A2FB156D1C21}.Debug|iPhoneSimulator.Deploy.0 = Debug|Any CPU
		{402CE881-3340-4395-BF62-A2FB156D1C21}.Release|Any CPU.ActiveCfg = Release|Any CPU
		{402CE881-3340-4395-BF62-A2FB156D1C21}.Release|Any CPU.Build.0 = Release|Any CPU
		{402CE881-3340-4395-BF62-A2FB156D1C21}.Release|Any CPU.Deploy.0 = Release|Any CPU
		{402CE881-3340-4395-BF62-A2FB156D1C21}.Release|iPhone.ActiveCfg = Release|Any CPU
		{402CE881-3340-4395-BF62-A2FB156D1C21}.Release|iPhone.Build.0 = Release|Any CPU
		{402CE881-3340-4395-BF62-A2FB156D1C21}.Release|iPhone.Deploy.0 = Release|Any CPU
		{402CE881-3340-4395-BF62-A2FB156D1C21}.Release|iPhoneSimulator.ActiveCfg = Release|Any CPU
		{402CE881-3340-4395-BF62-A2FB156D1C21}.Release|iPhoneSimulator.Build.0 = Release|Any CPU
		{402CE881-3340-4395-BF62-A2FB156D1C21}.Release|iPhoneSimulator.Deploy.0 = Release|Any CPU
		{48E67BC6-4D8B-417B-8376-6F4F0EB79780}.Debug|Any CPU.ActiveCfg = Debug|iPhone
		{48E67BC6-4D8B-417B-8376-6F4F0EB79780}.Debug|Any CPU.Build.0 = Debug|iPhone
		{48E67BC6-4D8B-417B-8376-6F4F0EB79780}.Debug|Any CPU.Deploy.0 = Debug|iPhone
		{48E67BC6-4D8B-417B-8376-6F4F0EB79780}.Debug|iPhone.ActiveCfg = Debug|iPhone
		{48E67BC6-4D8B-417B-8376-6F4F0EB79780}.Debug|iPhone.Build.0 = Debug|iPhone
		{48E67BC6-4D8B-417B-8376-6F4F0EB79780}.Debug|iPhone.Deploy.0 = Debug|iPhone
		{48E67BC6-4D8B-417B-8376-6F4F0EB79780}.Debug|iPhoneSimulator.ActiveCfg = Debug|iPhoneSimulator
		{48E67BC6-4D8B-417B-8376-6F4F0EB79780}.Debug|iPhoneSimulator.Build.0 = Debug|iPhoneSimulator
		{48E67BC6-4D8B-417B-8376-6F4F0EB79780}.Debug|iPhoneSimulator.Deploy.0 = Debug|iPhoneSimulator
		{48E67BC6-4D8B-417B-8376-6F4F0EB79780}.Release|Any CPU.ActiveCfg = Release|iPhoneSimulator
		{48E67BC6-4D8B-417B-8376-6F4F0EB79780}.Release|Any CPU.Build.0 = Release|iPhoneSimulator
		{48E67BC6-4D8B-417B-8376-6F4F0EB79780}.Release|Any CPU.Deploy.0 = Release|iPhoneSimulator
		{48E67BC6-4D8B-417B-8376-6F4F0EB79780}.Release|iPhone.ActiveCfg = Release|iPhone
		{48E67BC6-4D8B-417B-8376-6F4F0EB79780}.Release|iPhone.Build.0 = Release|iPhone
		{48E67BC6-4D8B-417B-8376-6F4F0EB79780}.Release|iPhone.Deploy.0 = Release|iPhone
		{48E67BC6-4D8B-417B-8376-6F4F0EB79780}.Release|iPhoneSimulator.ActiveCfg = Release|iPhoneSimulator
		{48E67BC6-4D8B-417B-8376-6F4F0EB79780}.Release|iPhoneSimulator.Build.0 = Release|iPhoneSimulator
		{48E67BC6-4D8B-417B-8376-6F4F0EB79780}.Release|iPhoneSimulator.Deploy.0 = Release|iPhoneSimulator
		{5B64BD8D-0FF0-4F7C-94FA-C6E21D3F52FF}.Debug|Any CPU.ActiveCfg = Debug|Any CPU
		{5B64BD8D-0FF0-4F7C-94FA-C6E21D3F52FF}.Debug|Any CPU.Build.0 = Debug|Any CPU
		{5B64BD8D-0FF0-4F7C-94FA-C6E21D3F52FF}.Debug|Any CPU.Deploy.0 = Debug|Any CPU
		{5B64BD8D-0FF0-4F7C-94FA-C6E21D3F52FF}.Debug|iPhone.ActiveCfg = Debug|Any CPU
		{5B64BD8D-0FF0-4F7C-94FA-C6E21D3F52FF}.Debug|iPhone.Build.0 = Debug|Any CPU
		{5B64BD8D-0FF0-4F7C-94FA-C6E21D3F52FF}.Debug|iPhone.Deploy.0 = Debug|Any CPU
		{5B64BD8D-0FF0-4F7C-94FA-C6E21D3F52FF}.Debug|iPhoneSimulator.ActiveCfg = Debug|Any CPU
		{5B64BD8D-0FF0-4F7C-94FA-C6E21D3F52FF}.Debug|iPhoneSimulator.Build.0 = Debug|Any CPU
		{5B64BD8D-0FF0-4F7C-94FA-C6E21D3F52FF}.Debug|iPhoneSimulator.Deploy.0 = Debug|Any CPU
		{5B64BD8D-0FF0-4F7C-94FA-C6E21D3F52FF}.Release|Any CPU.ActiveCfg = Release|Any CPU
		{5B64BD8D-0FF0-4F7C-94FA-C6E21D3F52FF}.Release|Any CPU.Build.0 = Release|Any CPU
		{5B64BD8D-0FF0-4F7C-94FA-C6E21D3F52FF}.Release|Any CPU.Deploy.0 = Release|Any CPU
		{5B64BD8D-0FF0-4F7C-94FA-C6E21D3F52FF}.Release|iPhone.ActiveCfg = Release|Any CPU
		{5B64BD8D-0FF0-4F7C-94FA-C6E21D3F52FF}.Release|iPhone.Build.0 = Release|Any CPU
		{5B64BD8D-0FF0-4F7C-94FA-C6E21D3F52FF}.Release|iPhone.Deploy.0 = Release|Any CPU
		{5B64BD8D-0FF0-4F7C-94FA-C6E21D3F52FF}.Release|iPhoneSimulator.ActiveCfg = Release|Any CPU
		{5B64BD8D-0FF0-4F7C-94FA-C6E21D3F52FF}.Release|iPhoneSimulator.Build.0 = Release|Any CPU
		{5B64BD8D-0FF0-4F7C-94FA-C6E21D3F52FF}.Release|iPhoneSimulator.Deploy.0 = Release|Any CPU
	EndGlobalSection
	GlobalSection(SolutionProperties) = preSolution
		HideSolutionNode = FALSE
	EndGlobalSection
	GlobalSection(ExtensibilityGlobals) = postSolution
		SolutionGuid = {86345A27-E5DB-4F53-9E58-0CF1C90C11F2}
	EndGlobalSection
EndGlobal
