
Microsoft Visual Studio Solution File, Format Version 12.00
# Visual Studio Version 17
VisualStudioVersion = 17.0.31903.59
MinimumVisualStudioVersion = 10.0.40219.1
Project("{E53339B2-1760-4266-BCC7-CA923CBCF16C}") = "docker-compose", "docker-compose\docker-compose.dcproj", "{70C5D8FC-4BA9-42E6-8086-AF60D07BC428}"
EndProject
Project("{9A19103F-16F7-4668-BE54-9A1E7A4F7556}") = "Ordering.Domain", "services\ordering\src\Ordering.Domain\Ordering.Domain.csproj", "{2CF0AB8E-B63B-44A1-83C8-6CC0E7C4B604}"
EndProject
Project("{9A19103F-16F7-4668-BE54-9A1E7A4F7556}") = "Ordering.Application", "services\ordering\src\Ordering.Application\Ordering.Application.csproj", "{6B5FECC7-9443-4E00-9F61-AB1A5FE3812D}"
EndProject
Project("{9A19103F-16F7-4668-BE54-9A1E7A4F7556}") = "Ordering.Infrastructure", "services\ordering\src\Ordering.Infrastructure\Ordering.Infrastructure.csproj", "{BF275AB3-0052-4C89-94A5-C4B858729F12}"
EndProject
Project("{9A19103F-16F7-4668-BE54-9A1E7A4F7556}") = "Ordering.UnitTests", "services\ordering\test\Ordering.UnitTests.csproj", "{33759228-A784-4225-BC7F-89A248942E6C}"
EndProject
Project("{9A19103F-16F7-4668-BE54-9A1E7A4F7556}") = "Ordering.Api", "services\ordering\src\Ordering.Api\Ordering.Api.csproj", "{29940E38-6CD2-4DC9-B33B-02267D068F5E}"
EndProject
Project("{9A19103F-16F7-4668-BE54-9A1E7A4F7556}") = "EventBus.Messages", "services\event-bus-messages\EventBus.Messages.csproj", "{ABC20C24-9993-4984-A022-1F1D6ADD63C1}"
EndProject
Project("{9A19103F-16F7-4668-BE54-9A1E7A4F7556}") = "Chat", "services\chat\Chat.csproj", "{06DC1474-1607-4E61-970F-53B209989ABF}"
EndProject
Project("{9A19103F-16F7-4668-BE54-9A1E7A4F7556}") = "Authentication", "services\authentication\Authentication.csproj", "{C9E1BDE4-BA9C-4C5B-8C60-02E8A8DB4613}"
EndProject
Global
	GlobalSection(SolutionConfigurationPlatforms) = preSolution
		Debug|Any CPU = Debug|Any CPU
		Release|Any CPU = Release|Any CPU
	EndGlobalSection
	GlobalSection(ProjectConfigurationPlatforms) = postSolution
		{70C5D8FC-4BA9-42E6-8086-AF60D07BC428}.Debug|Any CPU.ActiveCfg = Debug|Any CPU
		{70C5D8FC-4BA9-42E6-8086-AF60D07BC428}.Debug|Any CPU.Build.0 = Debug|Any CPU
		{70C5D8FC-4BA9-42E6-8086-AF60D07BC428}.Release|Any CPU.ActiveCfg = Release|Any CPU
		{70C5D8FC-4BA9-42E6-8086-AF60D07BC428}.Release|Any CPU.Build.0 = Release|Any CPU
		{2CF0AB8E-B63B-44A1-83C8-6CC0E7C4B604}.Debug|Any CPU.ActiveCfg = Debug|Any CPU
		{2CF0AB8E-B63B-44A1-83C8-6CC0E7C4B604}.Debug|Any CPU.Build.0 = Debug|Any CPU
		{2CF0AB8E-B63B-44A1-83C8-6CC0E7C4B604}.Release|Any CPU.ActiveCfg = Release|Any CPU
		{2CF0AB8E-B63B-44A1-83C8-6CC0E7C4B604}.Release|Any CPU.Build.0 = Release|Any CPU
		{6B5FECC7-9443-4E00-9F61-AB1A5FE3812D}.Debug|Any CPU.ActiveCfg = Debug|Any CPU
		{6B5FECC7-9443-4E00-9F61-AB1A5FE3812D}.Debug|Any CPU.Build.0 = Debug|Any CPU
		{6B5FECC7-9443-4E00-9F61-AB1A5FE3812D}.Release|Any CPU.ActiveCfg = Release|Any CPU
		{6B5FECC7-9443-4E00-9F61-AB1A5FE3812D}.Release|Any CPU.Build.0 = Release|Any CPU
		{BF275AB3-0052-4C89-94A5-C4B858729F12}.Debug|Any CPU.ActiveCfg = Debug|Any CPU
		{BF275AB3-0052-4C89-94A5-C4B858729F12}.Debug|Any CPU.Build.0 = Debug|Any CPU
		{BF275AB3-0052-4C89-94A5-C4B858729F12}.Release|Any CPU.ActiveCfg = Release|Any CPU
		{BF275AB3-0052-4C89-94A5-C4B858729F12}.Release|Any CPU.Build.0 = Release|Any CPU
		{33759228-A784-4225-BC7F-89A248942E6C}.Debug|Any CPU.ActiveCfg = Debug|Any CPU
		{33759228-A784-4225-BC7F-89A248942E6C}.Debug|Any CPU.Build.0 = Debug|Any CPU
		{33759228-A784-4225-BC7F-89A248942E6C}.Release|Any CPU.ActiveCfg = Release|Any CPU
		{33759228-A784-4225-BC7F-89A248942E6C}.Release|Any CPU.Build.0 = Release|Any CPU
		{29940E38-6CD2-4DC9-B33B-02267D068F5E}.Debug|Any CPU.ActiveCfg = Debug|Any CPU
		{29940E38-6CD2-4DC9-B33B-02267D068F5E}.Debug|Any CPU.Build.0 = Debug|Any CPU
		{29940E38-6CD2-4DC9-B33B-02267D068F5E}.Release|Any CPU.ActiveCfg = Release|Any CPU
		{29940E38-6CD2-4DC9-B33B-02267D068F5E}.Release|Any CPU.Build.0 = Release|Any CPU
		{ABC20C24-9993-4984-A022-1F1D6ADD63C1}.Debug|Any CPU.ActiveCfg = Debug|Any CPU
		{ABC20C24-9993-4984-A022-1F1D6ADD63C1}.Debug|Any CPU.Build.0 = Debug|Any CPU
		{ABC20C24-9993-4984-A022-1F1D6ADD63C1}.Release|Any CPU.ActiveCfg = Release|Any CPU
		{ABC20C24-9993-4984-A022-1F1D6ADD63C1}.Release|Any CPU.Build.0 = Release|Any CPU
		{06DC1474-1607-4E61-970F-53B209989ABF}.Debug|Any CPU.ActiveCfg = Debug|Any CPU
		{06DC1474-1607-4E61-970F-53B209989ABF}.Debug|Any CPU.Build.0 = Debug|Any CPU
		{06DC1474-1607-4E61-970F-53B209989ABF}.Release|Any CPU.ActiveCfg = Release|Any CPU
		{06DC1474-1607-4E61-970F-53B209989ABF}.Release|Any CPU.Build.0 = Release|Any CPU
		{C9E1BDE4-BA9C-4C5B-8C60-02E8A8DB4613}.Debug|Any CPU.ActiveCfg = Debug|Any CPU
		{C9E1BDE4-BA9C-4C5B-8C60-02E8A8DB4613}.Debug|Any CPU.Build.0 = Debug|Any CPU
		{C9E1BDE4-BA9C-4C5B-8C60-02E8A8DB4613}.Release|Any CPU.ActiveCfg = Release|Any CPU
		{C9E1BDE4-BA9C-4C5B-8C60-02E8A8DB4613}.Release|Any CPU.Build.0 = Release|Any CPU
	EndGlobalSection
	GlobalSection(SolutionProperties) = preSolution
		HideSolutionNode = FALSE
	EndGlobalSection
	GlobalSection(ExtensibilityGlobals) = postSolution
		SolutionGuid = {C55AF20D-A6DC-4D9B-97B4-13D30C5CC62A}
	EndGlobalSection
EndGlobal
