
Microsoft Visual Studio Solution File, Format Version 12.00
# Visual Studio Version 17
VisualStudioVersion = 17.0.31903.59
MinimumVisualStudioVersion = 10.0.40219.1
Project("{2150E333-8FDC-42A3-9474-1A3956D46DE8}") = "Backend", "Backend", "{B9B25AF3-E948-4695-BA9A-3AAD48291F42}"
EndProject
Project("{2150E333-8FDC-42A3-9474-1A3956D46DE8}") = "src", "src", "{CE0FB4F3-7358-4FD1-852D-BA59DF1C8046}"
EndProject
Project("{2150E333-8FDC-42A3-9474-1A3956D46DE8}") = "tests", "tests", "{5E4454D2-BFB4-4DCE-8F4D-80DE9010913E}"
EndProject
Project("{2150E333-8FDC-42A3-9474-1A3956D46DE8}") = "Users", "Users", "{8C980AEB-F2BD-454F-86C0-08EB33650799}"
EndProject
Project("{2150E333-8FDC-42A3-9474-1A3956D46DE8}") = "BuildingBlocks", "BuildingBlocks", "{6820D5E5-937E-4E7D-8F1F-1E253A4D85DB}"
EndProject
Project("{2150E333-8FDC-42A3-9474-1A3956D46DE8}") = "Modules", "Modules", "{50C7774C-1661-4362-AE69-71CF336C3352}"
EndProject
Project("{9A19103F-16F7-4668-BE54-9A1E7A4F7556}") = "Domain", "Backend\src\BuildingBlocks\Domain\Domain.csproj", "{ACF52485-A3C3-42AE-BF42-87D8BA41B06D}"
EndProject
Project("{9A19103F-16F7-4668-BE54-9A1E7A4F7556}") = "Domain", "Backend\src\Modules\Users\Domain\Domain.csproj", "{61259AFA-A5FD-4F27-9DEF-60643A3F0DC0}"
EndProject
Project("{2150E333-8FDC-42A3-9474-1A3956D46DE8}") = "Payments", "Payments", "{1FBE9DA2-2F75-494C-994F-13F5E91D0A6E}"
EndProject
Project("{9A19103F-16F7-4668-BE54-9A1E7A4F7556}") = "Domain", "Backend\src\Modules\Payments\Domain\Domain.csproj", "{9BDB20FD-AD38-46BB-86D2-1021EDA27ECB}"
EndProject
Project("{2150E333-8FDC-42A3-9474-1A3956D46DE8}") = "Chat", "Chat", "{8CE22D18-5181-4FA3-A289-7AF7D5CA995E}"
EndProject
Project("{9A19103F-16F7-4668-BE54-9A1E7A4F7556}") = "Domain", "Backend\src\Modules\Chat\Domain\Domain.csproj", "{8FD34363-9A7C-4E21-9757-2A6977341EA2}"
EndProject
Project("{9A19103F-16F7-4668-BE54-9A1E7A4F7556}") = "Application", "Backend\src\BuildingBlocks\Application\Application.csproj", "{86B13816-BFBF-4ED5-8913-BB1D3B736312}"
EndProject
Project("{9A19103F-16F7-4668-BE54-9A1E7A4F7556}") = "Application", "Backend\src\Modules\Users\Application\Application.csproj", "{944EDC50-7924-497F-93BD-C960F4490486}"
EndProject
Project("{9A19103F-16F7-4668-BE54-9A1E7A4F7556}") = "Infrastructure", "Backend\src\BuildingBlocks\Infrastructure\Infrastructure.csproj", "{E5996DFF-3ABA-438B-868C-DD51C904F087}"
EndProject
Project("{9A19103F-16F7-4668-BE54-9A1E7A4F7556}") = "Infrastructure", "Backend\src\Modules\Users\Infrastructure\Infrastructure.csproj", "{562C5D18-E4F0-4173-B07D-D37E9446C987}"
EndProject
Project("{9A19103F-16F7-4668-BE54-9A1E7A4F7556}") = "WebApi", "Backend\src\WebApi\WebApi.csproj", "{D65AEBF1-F69A-4588-B85A-1844E84FE1F0}"
EndProject
Project("{2150E333-8FDC-42A3-9474-1A3956D46DE8}") = "Administration", "Administration", "{FE3B8CD8-161A-4AB7-80EC-DB4580405B61}"
EndProject
Project("{9A19103F-16F7-4668-BE54-9A1E7A4F7556}") = "Domain", "Backend\src\Modules\Administration\Domain\Domain.csproj", "{0D65AD02-68B9-4944-8527-503495525A44}"
EndProject
Project("{9A19103F-16F7-4668-BE54-9A1E7A4F7556}") = "Application", "Backend\src\Modules\Payments\Application\Application.csproj", "{2FCC5487-FA8D-4784-9924-2B651951BE09}"
EndProject
Project("{9A19103F-16F7-4668-BE54-9A1E7A4F7556}") = "UnitTests", "Backend\tests\UnitTests\UnitTests.csproj", "{50D6493C-B386-464F-95F8-98402E3319F8}"
EndProject
Project("{FAE04EC0-301F-11D3-BF4B-00C04F79EFBC}") = "IntegrationEvents", "Backend\src\Modules\Users\IntegrationEvents\IntegrationEvents.csproj", "{522FF22B-A361-4532-B9C0-A627509BEF8C}"
EndProject
Global
	GlobalSection(SolutionConfigurationPlatforms) = preSolution
		Debug|Any CPU = Debug|Any CPU
		Release|Any CPU = Release|Any CPU
	EndGlobalSection
	GlobalSection(ProjectConfigurationPlatforms) = postSolution
		{ACF52485-A3C3-42AE-BF42-87D8BA41B06D}.Debug|Any CPU.ActiveCfg = Debug|Any CPU
		{ACF52485-A3C3-42AE-BF42-87D8BA41B06D}.Debug|Any CPU.Build.0 = Debug|Any CPU
		{ACF52485-A3C3-42AE-BF42-87D8BA41B06D}.Release|Any CPU.ActiveCfg = Release|Any CPU
		{ACF52485-A3C3-42AE-BF42-87D8BA41B06D}.Release|Any CPU.Build.0 = Release|Any CPU
		{61259AFA-A5FD-4F27-9DEF-60643A3F0DC0}.Debug|Any CPU.ActiveCfg = Debug|Any CPU
		{61259AFA-A5FD-4F27-9DEF-60643A3F0DC0}.Debug|Any CPU.Build.0 = Debug|Any CPU
		{61259AFA-A5FD-4F27-9DEF-60643A3F0DC0}.Release|Any CPU.ActiveCfg = Release|Any CPU
		{61259AFA-A5FD-4F27-9DEF-60643A3F0DC0}.Release|Any CPU.Build.0 = Release|Any CPU
		{9BDB20FD-AD38-46BB-86D2-1021EDA27ECB}.Debug|Any CPU.ActiveCfg = Debug|Any CPU
		{9BDB20FD-AD38-46BB-86D2-1021EDA27ECB}.Debug|Any CPU.Build.0 = Debug|Any CPU
		{9BDB20FD-AD38-46BB-86D2-1021EDA27ECB}.Release|Any CPU.ActiveCfg = Release|Any CPU
		{9BDB20FD-AD38-46BB-86D2-1021EDA27ECB}.Release|Any CPU.Build.0 = Release|Any CPU
		{8FD34363-9A7C-4E21-9757-2A6977341EA2}.Debug|Any CPU.ActiveCfg = Debug|Any CPU
		{8FD34363-9A7C-4E21-9757-2A6977341EA2}.Debug|Any CPU.Build.0 = Debug|Any CPU
		{8FD34363-9A7C-4E21-9757-2A6977341EA2}.Release|Any CPU.ActiveCfg = Release|Any CPU
		{8FD34363-9A7C-4E21-9757-2A6977341EA2}.Release|Any CPU.Build.0 = Release|Any CPU
		{86B13816-BFBF-4ED5-8913-BB1D3B736312}.Debug|Any CPU.ActiveCfg = Debug|Any CPU
		{86B13816-BFBF-4ED5-8913-BB1D3B736312}.Debug|Any CPU.Build.0 = Debug|Any CPU
		{86B13816-BFBF-4ED5-8913-BB1D3B736312}.Release|Any CPU.ActiveCfg = Release|Any CPU
		{86B13816-BFBF-4ED5-8913-BB1D3B736312}.Release|Any CPU.Build.0 = Release|Any CPU
		{944EDC50-7924-497F-93BD-C960F4490486}.Debug|Any CPU.ActiveCfg = Debug|Any CPU
		{944EDC50-7924-497F-93BD-C960F4490486}.Debug|Any CPU.Build.0 = Debug|Any CPU
		{944EDC50-7924-497F-93BD-C960F4490486}.Release|Any CPU.ActiveCfg = Release|Any CPU
		{944EDC50-7924-497F-93BD-C960F4490486}.Release|Any CPU.Build.0 = Release|Any CPU
		{E5996DFF-3ABA-438B-868C-DD51C904F087}.Debug|Any CPU.ActiveCfg = Debug|Any CPU
		{E5996DFF-3ABA-438B-868C-DD51C904F087}.Debug|Any CPU.Build.0 = Debug|Any CPU
		{E5996DFF-3ABA-438B-868C-DD51C904F087}.Release|Any CPU.ActiveCfg = Release|Any CPU
		{E5996DFF-3ABA-438B-868C-DD51C904F087}.Release|Any CPU.Build.0 = Release|Any CPU
		{562C5D18-E4F0-4173-B07D-D37E9446C987}.Debug|Any CPU.ActiveCfg = Debug|Any CPU
		{562C5D18-E4F0-4173-B07D-D37E9446C987}.Debug|Any CPU.Build.0 = Debug|Any CPU
		{562C5D18-E4F0-4173-B07D-D37E9446C987}.Release|Any CPU.ActiveCfg = Release|Any CPU
		{562C5D18-E4F0-4173-B07D-D37E9446C987}.Release|Any CPU.Build.0 = Release|Any CPU
		{D65AEBF1-F69A-4588-B85A-1844E84FE1F0}.Debug|Any CPU.ActiveCfg = Debug|Any CPU
		{D65AEBF1-F69A-4588-B85A-1844E84FE1F0}.Debug|Any CPU.Build.0 = Debug|Any CPU
		{D65AEBF1-F69A-4588-B85A-1844E84FE1F0}.Release|Any CPU.ActiveCfg = Release|Any CPU
		{D65AEBF1-F69A-4588-B85A-1844E84FE1F0}.Release|Any CPU.Build.0 = Release|Any CPU
		{0D65AD02-68B9-4944-8527-503495525A44}.Debug|Any CPU.ActiveCfg = Debug|Any CPU
		{0D65AD02-68B9-4944-8527-503495525A44}.Debug|Any CPU.Build.0 = Debug|Any CPU
		{0D65AD02-68B9-4944-8527-503495525A44}.Release|Any CPU.ActiveCfg = Release|Any CPU
		{0D65AD02-68B9-4944-8527-503495525A44}.Release|Any CPU.Build.0 = Release|Any CPU
		{2FCC5487-FA8D-4784-9924-2B651951BE09}.Debug|Any CPU.ActiveCfg = Debug|Any CPU
		{2FCC5487-FA8D-4784-9924-2B651951BE09}.Debug|Any CPU.Build.0 = Debug|Any CPU
		{2FCC5487-FA8D-4784-9924-2B651951BE09}.Release|Any CPU.ActiveCfg = Release|Any CPU
		{2FCC5487-FA8D-4784-9924-2B651951BE09}.Release|Any CPU.Build.0 = Release|Any CPU
		{50D6493C-B386-464F-95F8-98402E3319F8}.Debug|Any CPU.ActiveCfg = Debug|Any CPU
		{50D6493C-B386-464F-95F8-98402E3319F8}.Debug|Any CPU.Build.0 = Debug|Any CPU
		{50D6493C-B386-464F-95F8-98402E3319F8}.Release|Any CPU.ActiveCfg = Release|Any CPU
		{50D6493C-B386-464F-95F8-98402E3319F8}.Release|Any CPU.Build.0 = Release|Any CPU
		{522FF22B-A361-4532-B9C0-A627509BEF8C}.Debug|Any CPU.ActiveCfg = Debug|Any CPU
		{522FF22B-A361-4532-B9C0-A627509BEF8C}.Debug|Any CPU.Build.0 = Debug|Any CPU
		{522FF22B-A361-4532-B9C0-A627509BEF8C}.Release|Any CPU.ActiveCfg = Release|Any CPU
		{522FF22B-A361-4532-B9C0-A627509BEF8C}.Release|Any CPU.Build.0 = Release|Any CPU
	EndGlobalSection
	GlobalSection(SolutionProperties) = preSolution
		HideSolutionNode = FALSE
	EndGlobalSection
	GlobalSection(NestedProjects) = preSolution
		{CE0FB4F3-7358-4FD1-852D-BA59DF1C8046} = {B9B25AF3-E948-4695-BA9A-3AAD48291F42}
		{5E4454D2-BFB4-4DCE-8F4D-80DE9010913E} = {B9B25AF3-E948-4695-BA9A-3AAD48291F42}
		{8C980AEB-F2BD-454F-86C0-08EB33650799} = {50C7774C-1661-4362-AE69-71CF336C3352}
		{6820D5E5-937E-4E7D-8F1F-1E253A4D85DB} = {CE0FB4F3-7358-4FD1-852D-BA59DF1C8046}
		{50C7774C-1661-4362-AE69-71CF336C3352} = {CE0FB4F3-7358-4FD1-852D-BA59DF1C8046}
		{ACF52485-A3C3-42AE-BF42-87D8BA41B06D} = {6820D5E5-937E-4E7D-8F1F-1E253A4D85DB}
		{61259AFA-A5FD-4F27-9DEF-60643A3F0DC0} = {8C980AEB-F2BD-454F-86C0-08EB33650799}
		{1FBE9DA2-2F75-494C-994F-13F5E91D0A6E} = {50C7774C-1661-4362-AE69-71CF336C3352}
		{9BDB20FD-AD38-46BB-86D2-1021EDA27ECB} = {1FBE9DA2-2F75-494C-994F-13F5E91D0A6E}
		{8CE22D18-5181-4FA3-A289-7AF7D5CA995E} = {50C7774C-1661-4362-AE69-71CF336C3352}
		{8FD34363-9A7C-4E21-9757-2A6977341EA2} = {8CE22D18-5181-4FA3-A289-7AF7D5CA995E}
		{86B13816-BFBF-4ED5-8913-BB1D3B736312} = {6820D5E5-937E-4E7D-8F1F-1E253A4D85DB}
		{944EDC50-7924-497F-93BD-C960F4490486} = {8C980AEB-F2BD-454F-86C0-08EB33650799}
		{E5996DFF-3ABA-438B-868C-DD51C904F087} = {6820D5E5-937E-4E7D-8F1F-1E253A4D85DB}
		{562C5D18-E4F0-4173-B07D-D37E9446C987} = {8C980AEB-F2BD-454F-86C0-08EB33650799}
		{D65AEBF1-F69A-4588-B85A-1844E84FE1F0} = {CE0FB4F3-7358-4FD1-852D-BA59DF1C8046}
		{FE3B8CD8-161A-4AB7-80EC-DB4580405B61} = {50C7774C-1661-4362-AE69-71CF336C3352}
		{0D65AD02-68B9-4944-8527-503495525A44} = {FE3B8CD8-161A-4AB7-80EC-DB4580405B61}
		{2FCC5487-FA8D-4784-9924-2B651951BE09} = {1FBE9DA2-2F75-494C-994F-13F5E91D0A6E}
		{50D6493C-B386-464F-95F8-98402E3319F8} = {5E4454D2-BFB4-4DCE-8F4D-80DE9010913E}
		{522FF22B-A361-4532-B9C0-A627509BEF8C} = {8C980AEB-F2BD-454F-86C0-08EB33650799}
	EndGlobalSection
	GlobalSection(ExtensibilityGlobals) = postSolution
		SolutionGuid = {DF3E3CEC-7558-4B47-8F36-9803500A74DD}
	EndGlobalSection
EndGlobal
