
Microsoft Visual Studio Solution File, Format Version 12.00
# Visual Studio Version 17
VisualStudioVersion = 17.0.31903.59
MinimumVisualStudioVersion = 10.0.40219.1
Project("{9A19103F-16F7-4668-BE54-9A1E7A4F7556}") = "Choice.Domain", "Choice.Domain\Choice.Domain.csproj", "{43EEE322-7F5A-4221-86CD-C68CFBE1DEF7}"
EndProject
Project("{9A19103F-16F7-4668-BE54-9A1E7A4F7556}") = "Choice.Application", "Choice.Application\Choice.Application.csproj", "{8E4280D6-B7E4-42C6-A6A2-338275AFAB36}"
EndProject
Project("{9A19103F-16F7-4668-BE54-9A1E7A4F7556}") = "Choice.Infrastructure", "Choice.Infrastructure\Choice.Infrastructure.csproj", "{68DFF5BB-DF2B-44E6-90B0-68E1FAD492B4}"
EndProject
Project("{9A19103F-16F7-4668-BE54-9A1E7A4F7556}") = "Choice.WebApi", "Choice.WebApi\Choice.WebApi.csproj", "{02A1924D-DF77-4576-B5A9-2619B6CF5BA7}"
EndProject
Project("{E53339B2-1760-4266-BCC7-CA923CBCF16C}") = "docker-compose", "..\..\docker-compose\docker-compose.dcproj", "{70C5D8FC-4BA9-42E6-8086-AF60D07BC428}"
EndProject
Global
	GlobalSection(SolutionConfigurationPlatforms) = preSolution
		Debug|Any CPU = Debug|Any CPU
		Release|Any CPU = Release|Any CPU
	EndGlobalSection
	GlobalSection(ProjectConfigurationPlatforms) = postSolution
		{43EEE322-7F5A-4221-86CD-C68CFBE1DEF7}.Debug|Any CPU.ActiveCfg = Debug|Any CPU
		{43EEE322-7F5A-4221-86CD-C68CFBE1DEF7}.Debug|Any CPU.Build.0 = Debug|Any CPU
		{43EEE322-7F5A-4221-86CD-C68CFBE1DEF7}.Release|Any CPU.ActiveCfg = Release|Any CPU
		{43EEE322-7F5A-4221-86CD-C68CFBE1DEF7}.Release|Any CPU.Build.0 = Release|Any CPU
		{8E4280D6-B7E4-42C6-A6A2-338275AFAB36}.Debug|Any CPU.ActiveCfg = Debug|Any CPU
		{8E4280D6-B7E4-42C6-A6A2-338275AFAB36}.Debug|Any CPU.Build.0 = Debug|Any CPU
		{8E4280D6-B7E4-42C6-A6A2-338275AFAB36}.Release|Any CPU.ActiveCfg = Release|Any CPU
		{8E4280D6-B7E4-42C6-A6A2-338275AFAB36}.Release|Any CPU.Build.0 = Release|Any CPU
		{68DFF5BB-DF2B-44E6-90B0-68E1FAD492B4}.Debug|Any CPU.ActiveCfg = Debug|Any CPU
		{68DFF5BB-DF2B-44E6-90B0-68E1FAD492B4}.Debug|Any CPU.Build.0 = Debug|Any CPU
		{68DFF5BB-DF2B-44E6-90B0-68E1FAD492B4}.Release|Any CPU.ActiveCfg = Release|Any CPU
		{68DFF5BB-DF2B-44E6-90B0-68E1FAD492B4}.Release|Any CPU.Build.0 = Release|Any CPU
		{02A1924D-DF77-4576-B5A9-2619B6CF5BA7}.Debug|Any CPU.ActiveCfg = Debug|Any CPU
		{02A1924D-DF77-4576-B5A9-2619B6CF5BA7}.Debug|Any CPU.Build.0 = Debug|Any CPU
		{02A1924D-DF77-4576-B5A9-2619B6CF5BA7}.Release|Any CPU.ActiveCfg = Release|Any CPU
		{02A1924D-DF77-4576-B5A9-2619B6CF5BA7}.Release|Any CPU.Build.0 = Release|Any CPU
		{70C5D8FC-4BA9-42E6-8086-AF60D07BC428}.Debug|Any CPU.ActiveCfg = Debug|Any CPU
		{70C5D8FC-4BA9-42E6-8086-AF60D07BC428}.Debug|Any CPU.Build.0 = Debug|Any CPU
		{70C5D8FC-4BA9-42E6-8086-AF60D07BC428}.Release|Any CPU.ActiveCfg = Release|Any CPU
		{70C5D8FC-4BA9-42E6-8086-AF60D07BC428}.Release|Any CPU.Build.0 = Release|Any CPU
	EndGlobalSection
	GlobalSection(SolutionProperties) = preSolution
		HideSolutionNode = FALSE
	EndGlobalSection
	GlobalSection(ExtensibilityGlobals) = postSolution
		SolutionGuid = {C55AF20D-A6DC-4D9B-97B4-13D30C5CC62A}
	EndGlobalSection
EndGlobal
